
Microsoft Visual Studio Solution File, Format Version 12.00
Project("{BE009FEE-B14C-42AF-BBDD-02409AF201D4}") = "kspmod3", "src/kspmod3/kspmod3.csproj", "{1CFC6CC0-EFB3-4DCD-8D8D-F00D8E5E7165}"
EndProject
Global
	GlobalSection(SolutionConfigurationPlatforms) = preSolution
		Debug|Any CPU = Debug|Any CPU
		Release|Any CPU = Release|Any CPU
		Deploy|Any CPU = Deploy|Any CPU
		DeployAndRun|Any CPU = DeployAndRun|Any CPU
	EndGlobalSection
	GlobalSection(ProjectConfigurationPlatforms) = postSolution
		{1CFC6CC0-EFB3-4DCD-8D8D-F00D8E5E7165}.Debug|Any CPU.ActiveCfg = Debug|Any CPU
		{1CFC6CC0-EFB3-4DCD-8D8D-F00D8E5E7165}.Debug|Any CPU.Build.0 = Debug|Any CPU
		{1CFC6CC0-EFB3-4DCD-8D8D-F00D8E5E7165}.Release|Any CPU.ActiveCfg = Release|Any CPU
		{1CFC6CC0-EFB3-4DCD-8D8D-F00D8E5E7165}.Release|Any CPU.Build.0 = Release|Any CPU
		{1CFC6CC0-EFB3-4DCD-8D8D-F00D8E5E7165}.Deploy|Any CPU.ActiveCfg = Deploy|Any CPU
		{1CFC6CC0-EFB3-4DCD-8D8D-F00D8E5E7165}.Deploy|Any CPU.Build.0 = Deploy|Any CPU
		{1CFC6CC0-EFB3-4DCD-8D8D-F00D8E5E7165}.DeployAndRun|Any CPU.ActiveCfg = DeployAndRun|Any CPU
		{1CFC6CC0-EFB3-4DCD-8D8D-F00D8E5E7165}.DeployAndRun|Any CPU.Build.0 = DeployAndRun|Any CPU
	EndGlobalSection
EndGlobal

